Microsoft Visual Studio Solution File, Format Version 12.00
# Visual Studio 2012
Project("{FAE04EC0-301F-11D3-BF4B-00C04F79EFBC}") = "Star", "Star.csproj", "{FE794E7E-771D-47DF-A5E9-180338916EC9}"
EndProject
Global
	GlobalSection(SolutionConfigurationPlatforms) = preSolution
	Debug|Any CPU = Debug|Any CPU
	Release|Any CPU = Release|Any CPU
	Tools|Any CPU = Tools|Any CPU
	EndGlobalSection
	GlobalSection(ProjectConfigurationPlatforms) = postSolution
		{FE794E7E-771D-47DF-A5E9-180338916EC9}.Debug|Any CPU.ActiveCfg = Debug|Any CPU
		{FE794E7E-771D-47DF-A5E9-180338916EC9}.Debug|Any CPU.Build.0 = Debug|Any CPU
		{FE794E7E-771D-47DF-A5E9-180338916EC9}.Release|Any CPU.ActiveCfg = Release|Any CPU
		{FE794E7E-771D-47DF-A5E9-180338916EC9}.Release|Any CPU.Build.0 = Release|Any CPU
		{FE794E7E-771D-47DF-A5E9-180338916EC9}.Tools|Any CPU.ActiveCfg = Tools|Any CPU
		{FE794E7E-771D-47DF-A5E9-180338916EC9}.Tools|Any CPU.Build.0 = Tools|Any CPU
	EndGlobalSection
EndGlobal
